
Microsoft Visual Studio Solution File, Format Version 12.00
# Visual Studio Version 16
VisualStudioVersion = 16.0.31402.337
MinimumVisualStudioVersion = 10.0.40219.1
Project("{FAE04EC0-301F-11D3-BF4B-00C04F79EFBC}") = "baseDadosConnection", "baseDadosConnection.csproj", "{59470045-9731-4AC3-88BC-FC4D235AB384}"
EndProject
Global
	GlobalSection(SolutionConfigurationPlatforms) = preSolution
		Debug|Any CPU = Debug|Any CPU
		Release|Any CPU = Release|Any CPU
	EndGlobalSection
	GlobalSection(ProjectConfigurationPlatforms) = postSolution
		{59470045-9731-4AC3-88BC-FC4D235AB384}.Debug|Any CPU.ActiveCfg = Debug|Any CPU
		{59470045-9731-4AC3-88BC-FC4D235AB384}.Debug|Any CPU.Build.0 = Debug|Any CPU
		{59470045-9731-4AC3-88BC-FC4D235AB384}.Release|Any CPU.ActiveCfg = Release|Any CPU
		{59470045-9731-4AC3-88BC-FC4D235AB384}.Release|Any CPU.Build.0 = Release|Any CPU
	EndGlobalSection
	GlobalSection(SolutionProperties) = preSolution
		HideSolutionNode = FALSE
	EndGlobalSection
	GlobalSection(ExtensibilityGlobals) = postSolution
		SolutionGuid = {5D98F4E8-4CFD-43F3-BE29-C7B38C5E1BC1}
	EndGlobalSection
EndGlobal
